
Microsoft Visual Studio Solution File, Format Version 12.00
# Visual Studio Version 17
VisualStudioVersion = 17.10.35013.160
MinimumVisualStudioVersion = 10.0.40219.1
Project("{9A19103F-16F7-4668-BE54-9A1E7A4F7556}") = "Library.Domain", "Library.Domain\Library.Domain.csproj", "{69EA590A-A888-478E-B0CA-754A8CD6470D}"
EndProject
Project("{9A19103F-16F7-4668-BE54-9A1E7A4F7556}") = "Library.Infrastructure", "Library.Infrastructure\Library.Infrastructure.csproj", "{17DA149E-5A09-4CBD-B693-693B705EEEE7}"
EndProject
Project("{FAE04EC0-301F-11D3-BF4B-00C04F79EFBC}") = "Library.Application", "Library.Application\Library.Application.csproj", "{96677C3E-D6D6-4D68-A085-B48A23E94182}"
EndProject
Project("{2150E333-8FDC-42A3-9474-1A3956D46DE8}") = "API", "API", "{AF1EEB60-D9F2-40D5-8F7D-520117847E65}"
EndProject
Project("{FAE04EC0-301F-11D3-BF4B-00C04F79EFBC}") = "Library.AuthorAPI", "Library.AuthorAPI\Library.AuthorAPI.csproj", "{8D1EE981-7635-4DA3-A6DD-068522E91004}"
EndProject
Global
	GlobalSection(SolutionConfigurationPlatforms) = preSolution
		Debug|Any CPU = Debug|Any CPU
		Release|Any CPU = Release|Any CPU
	EndGlobalSection
	GlobalSection(ProjectConfigurationPlatforms) = postSolution
		{69EA590A-A888-478E-B0CA-754A8CD6470D}.Debug|Any CPU.ActiveCfg = Debug|Any CPU
		{69EA590A-A888-478E-B0CA-754A8CD6470D}.Debug|Any CPU.Build.0 = Debug|Any CPU
		{69EA590A-A888-478E-B0CA-754A8CD6470D}.Release|Any CPU.ActiveCfg = Release|Any CPU
		{69EA590A-A888-478E-B0CA-754A8CD6470D}.Release|Any CPU.Build.0 = Release|Any CPU
		{17DA149E-5A09-4CBD-B693-693B705EEEE7}.Debug|Any CPU.ActiveCfg = Debug|Any CPU
		{17DA149E-5A09-4CBD-B693-693B705EEEE7}.Debug|Any CPU.Build.0 = Debug|Any CPU
		{17DA149E-5A09-4CBD-B693-693B705EEEE7}.Release|Any CPU.ActiveCfg = Release|Any CPU
		{17DA149E-5A09-4CBD-B693-693B705EEEE7}.Release|Any CPU.Build.0 = Release|Any CPU
		{96677C3E-D6D6-4D68-A085-B48A23E94182}.Debug|Any CPU.ActiveCfg = Debug|Any CPU
		{96677C3E-D6D6-4D68-A085-B48A23E94182}.Debug|Any CPU.Build.0 = Debug|Any CPU
		{96677C3E-D6D6-4D68-A085-B48A23E94182}.Release|Any CPU.ActiveCfg = Release|Any CPU
		{96677C3E-D6D6-4D68-A085-B48A23E94182}.Release|Any CPU.Build.0 = Release|Any CPU
		{8D1EE981-7635-4DA3-A6DD-068522E91004}.Debug|Any CPU.ActiveCfg = Debug|Any CPU
		{8D1EE981-7635-4DA3-A6DD-068522E91004}.Debug|Any CPU.Build.0 = Debug|Any CPU
		{8D1EE981-7635-4DA3-A6DD-068522E91004}.Release|Any CPU.ActiveCfg = Release|Any CPU
		{8D1EE981-7635-4DA3-A6DD-068522E91004}.Release|Any CPU.Build.0 = Release|Any CPU
	EndGlobalSection
	GlobalSection(SolutionProperties) = preSolution
		HideSolutionNode = FALSE
	EndGlobalSection
	GlobalSection(NestedProjects) = preSolution
		{8D1EE981-7635-4DA3-A6DD-068522E91004} = {AF1EEB60-D9F2-40D5-8F7D-520117847E65}
	EndGlobalSection
	GlobalSection(ExtensibilityGlobals) = postSolution
		SolutionGuid = {57C70BF3-D365-4519-8481-AAA39A4AD3CA}
	EndGlobalSection
EndGlobal
